
Microsoft Visual Studio Solution File, Format Version 12.00
# Visual Studio Version 17
VisualStudioVersion = 17.3.32811.315
MinimumVisualStudioVersion = 10.0.40219.1
Project("{F184B08F-C81C-45F6-A57F-5ABD9991F28F}") = "WorldWideCraft", "WorldWideCraft\WorldWideCraft.vbproj", "{D69A20CB-C17B-4119-8C9F-A5AFFDEB5453}"
EndProject
Global
	GlobalSection(SolutionConfigurationPlatforms) = preSolution
		Debug|Any CPU = Debug|Any CPU
		Release|Any CPU = Release|Any CPU
	EndGlobalSection
	GlobalSection(ProjectConfigurationPlatforms) = postSolution
		{D69A20CB-C17B-4119-8C9F-A5AFFDEB5453}.Debug|Any CPU.ActiveCfg = Debug|Any CPU
		{D69A20CB-C17B-4119-8C9F-A5AFFDEB5453}.Debug|Any CPU.Build.0 = Debug|Any CPU
		{D69A20CB-C17B-4119-8C9F-A5AFFDEB5453}.Release|Any CPU.ActiveCfg = Release|Any CPU
		{D69A20CB-C17B-4119-8C9F-A5AFFDEB5453}.Release|Any CPU.Build.0 = Release|Any CPU
	EndGlobalSection
	GlobalSection(SolutionProperties) = preSolution
		HideSolutionNode = FALSE
	EndGlobalSection
	GlobalSection(ExtensibilityGlobals) = postSolution
		SolutionGuid = {5886776B-0138-45F4-A5F7-A99C4C608FFE}
	EndGlobalSection
EndGlobal
